
Microsoft Visual Studio Solution File, Format Version 12.00
# Visual Studio Version 17
VisualStudioVersion = 17.0.31903.59
MinimumVisualStudioVersion = 10.0.40219.1
Project("{2150E333-8FDC-42A3-9474-1A3956D46DE8}") = "src", "src", "{827E0CD3-B72D-47B6-A68D-7590B98EB39B}"
EndProject
Project("{FAE04EC0-301F-11D3-BF4B-00C04F79EFBC}") = "Api", "src\Api\Api.csproj", "{F7BAA197-8AF4-4ED8-B04E-123B8F7A0DA5}"
EndProject
Project("{FAE04EC0-301F-11D3-BF4B-00C04F79EFBC}") = "Application", "src\Application\Application.csproj", "{1B0DBF75-5F38-429C-BBA3-53C9AD82808E}"
EndProject
Project("{FAE04EC0-301F-11D3-BF4B-00C04F79EFBC}") = "Domain", "src\Domain\Domain.csproj", "{5CE22D69-6547-42EF-9353-10F6AFD92AB5}"
EndProject
Project("{FAE04EC0-301F-11D3-BF4B-00C04F79EFBC}") = "Infrastructure", "src\Infrastructure\Infrastructure.csproj", "{3D91273C-77C6-4055-BACA-277605E83ACD}"
EndProject
Global
	GlobalSection(SolutionConfigurationPlatforms) = preSolution
		Debug|Any CPU = Debug|Any CPU
		Debug|x64 = Debug|x64
		Debug|x86 = Debug|x86
		Release|Any CPU = Release|Any CPU
		Release|x64 = Release|x64
		Release|x86 = Release|x86
	EndGlobalSection
	GlobalSection(ProjectConfigurationPlatforms) = postSolution
		{F7BAA197-8AF4-4ED8-B04E-123B8F7A0DA5}.Debug|Any CPU.ActiveCfg = Debug|Any CPU
		{F7BAA197-8AF4-4ED8-B04E-123B8F7A0DA5}.Debug|Any CPU.Build.0 = Debug|Any CPU
		{F7BAA197-8AF4-4ED8-B04E-123B8F7A0DA5}.Debug|x64.ActiveCfg = Debug|Any CPU
		{F7BAA197-8AF4-4ED8-B04E-123B8F7A0DA5}.Debug|x64.Build.0 = Debug|Any CPU
		{F7BAA197-8AF4-4ED8-B04E-123B8F7A0DA5}.Debug|x86.ActiveCfg = Debug|Any CPU
		{F7BAA197-8AF4-4ED8-B04E-123B8F7A0DA5}.Debug|x86.Build.0 = Debug|Any CPU
		{F7BAA197-8AF4-4ED8-B04E-123B8F7A0DA5}.Release|Any CPU.ActiveCfg = Release|Any CPU
		{F7BAA197-8AF4-4ED8-B04E-123B8F7A0DA5}.Release|Any CPU.Build.0 = Release|Any CPU
		{F7BAA197-8AF4-4ED8-B04E-123B8F7A0DA5}.Release|x64.ActiveCfg = Release|Any CPU
		{F7BAA197-8AF4-4ED8-B04E-123B8F7A0DA5}.Release|x64.Build.0 = Release|Any CPU
		{F7BAA197-8AF4-4ED8-B04E-123B8F7A0DA5}.Release|x86.ActiveCfg = Release|Any CPU
		{F7BAA197-8AF4-4ED8-B04E-123B8F7A0DA5}.Release|x86.Build.0 = Release|Any CPU
		{1B0DBF75-5F38-429C-BBA3-53C9AD82808E}.Debug|Any CPU.ActiveCfg = Debug|Any CPU
		{1B0DBF75-5F38-429C-BBA3-53C9AD82808E}.Debug|Any CPU.Build.0 = Debug|Any CPU
		{1B0DBF75-5F38-429C-BBA3-53C9AD82808E}.Debug|x64.ActiveCfg = Debug|Any CPU
		{1B0DBF75-5F38-429C-BBA3-53C9AD82808E}.Debug|x64.Build.0 = Debug|Any CPU
		{1B0DBF75-5F38-429C-BBA3-53C9AD82808E}.Debug|x86.ActiveCfg = Debug|Any CPU
		{1B0DBF75-5F38-429C-BBA3-53C9AD82808E}.Debug|x86.Build.0 = Debug|Any CPU
		{1B0DBF75-5F38-429C-BBA3-53C9AD82808E}.Release|Any CPU.ActiveCfg = Release|Any CPU
		{1B0DBF75-5F38-429C-BBA3-53C9AD82808E}.Release|Any CPU.Build.0 = Release|Any CPU
		{1B0DBF75-5F38-429C-BBA3-53C9AD82808E}.Release|x64.ActiveCfg = Release|Any CPU
		{1B0DBF75-5F38-429C-BBA3-53C9AD82808E}.Release|x64.Build.0 = Release|Any CPU
		{1B0DBF75-5F38-429C-BBA3-53C9AD82808E}.Release|x86.ActiveCfg = Release|Any CPU
		{1B0DBF75-5F38-429C-BBA3-53C9AD82808E}.Release|x86.Build.0 = Release|Any CPU
		{5CE22D69-6547-42EF-9353-10F6AFD92AB5}.Debug|Any CPU.ActiveCfg = Debug|Any CPU
		{5CE22D69-6547-42EF-9353-10F6AFD92AB5}.Debug|Any CPU.Build.0 = Debug|Any CPU
		{5CE22D69-6547-42EF-9353-10F6AFD92AB5}.Debug|x64.ActiveCfg = Debug|Any CPU
		{5CE22D69-6547-42EF-9353-10F6AFD92AB5}.Debug|x64.Build.0 = Debug|Any CPU
		{5CE22D69-6547-42EF-9353-10F6AFD92AB5}.Debug|x86.ActiveCfg = Debug|Any CPU
		{5CE22D69-6547-42EF-9353-10F6AFD92AB5}.Debug|x86.Build.0 = Debug|Any CPU
		{5CE22D69-6547-42EF-9353-10F6AFD92AB5}.Release|Any CPU.ActiveCfg = Release|Any CPU
		{5CE22D69-6547-42EF-9353-10F6AFD92AB5}.Release|Any CPU.Build.0 = Release|Any CPU
		{5CE22D69-6547-42EF-9353-10F6AFD92AB5}.Release|x64.ActiveCfg = Release|Any CPU
		{5CE22D69-6547-42EF-9353-10F6AFD92AB5}.Release|x64.Build.0 = Release|Any CPU
		{5CE22D69-6547-42EF-9353-10F6AFD92AB5}.Release|x86.ActiveCfg = Release|Any CPU
		{5CE22D69-6547-42EF-9353-10F6AFD92AB5}.Release|x86.Build.0 = Release|Any CPU
		{3D91273C-77C6-4055-BACA-277605E83ACD}.Debug|Any CPU.ActiveCfg = Debug|Any CPU
		{3D91273C-77C6-4055-BACA-277605E83ACD}.Debug|Any CPU.Build.0 = Debug|Any CPU
		{3D91273C-77C6-4055-BACA-277605E83ACD}.Debug|x64.ActiveCfg = Debug|Any CPU
		{3D91273C-77C6-4055-BACA-277605E83ACD}.Debug|x64.Build.0 = Debug|Any CPU
		{3D91273C-77C6-4055-BACA-277605E83ACD}.Debug|x86.ActiveCfg = Debug|Any CPU
		{3D91273C-77C6-4055-BACA-277605E83ACD}.Debug|x86.Build.0 = Debug|Any CPU
		{3D91273C-77C6-4055-BACA-277605E83ACD}.Release|Any CPU.ActiveCfg = Release|Any CPU
		{3D91273C-77C6-4055-BACA-277605E83ACD}.Release|Any CPU.Build.0 = Release|Any CPU
		{3D91273C-77C6-4055-BACA-277605E83ACD}.Release|x64.ActiveCfg = Release|Any CPU
		{3D91273C-77C6-4055-BACA-277605E83ACD}.Release|x64.Build.0 = Release|Any CPU
		{3D91273C-77C6-4055-BACA-277605E83ACD}.Release|x86.ActiveCfg = Release|Any CPU
		{3D91273C-77C6-4055-BACA-277605E83ACD}.Release|x86.Build.0 = Release|Any CPU
	EndGlobalSection
	GlobalSection(SolutionProperties) = preSolution
		HideSolutionNode = FALSE
	EndGlobalSection
	GlobalSection(NestedProjects) = preSolution
		{F7BAA197-8AF4-4ED8-B04E-123B8F7A0DA5} = {827E0CD3-B72D-47B6-A68D-7590B98EB39B}
		{1B0DBF75-5F38-429C-BBA3-53C9AD82808E} = {827E0CD3-B72D-47B6-A68D-7590B98EB39B}
		{5CE22D69-6547-42EF-9353-10F6AFD92AB5} = {827E0CD3-B72D-47B6-A68D-7590B98EB39B}
		{3D91273C-77C6-4055-BACA-277605E83ACD} = {827E0CD3-B72D-47B6-A68D-7590B98EB39B}
	EndGlobalSection
EndGlobal
